github.com/google/shlex v0.0.0-20191202100458-e7afc7fbc510 h1:El6M4kTTCOh6aBiKaUGG7oYTSPP8MxqL4YI3kZKwcP4=
github.com/google/shlex v0.0.0-20191202100458-e7afc7fbc510/go.mod h1:pupxD2MaaD3pAXIBCelhxNneeOaAeabZDe5s4K6zSpQ=
github.com/mitchellh/mapstructure v1.5.0 h1:jeMsZIYE/09sWLaz43PL7Gy6RuMjD2eJVyuac5Z2hdY=
github.com/mitchellh/mapstructure v1.5.0/go.mod h1:bFUtVrKA4DC2yAKiSyO/QUcy7e+RRV2QTWOzhPopBRo=
github.com/pomdtr/sunbeam v0.9.10 h1:QWBUz9kMTCuws6/qqFfvTpz+T3cZkvWo04GoucJ1VU8=
github.com/pomdtr/sunbeam v0.9.10/go.mod h1:EADwxHlNXdGjRIkExQ2C7a1r+otoL5wXdgRYSTK4HYY=
github.com/pomdtr/sunbeam v0.9.13 h1:wizCgB7mFfe/l9uVG+ZvKgXiAckLssjzTi75F7aPNzI=
github.com/pomdtr/sunbeam v0.9.13/go.mod h1:EADwxHlNXdGjRIkExQ2C7a1r+otoL5wXdgRYSTK4HYY=
